
Microsoft Visual Studio Solution File, Format Version 12.00
# Visual Studio Version 17
VisualStudioVersion = 17.9.34728.123
MinimumVisualStudioVersion = 10.0.40219.1
Project("{FAE04EC0-301F-11D3-BF4B-00C04F79EFBC}") = "Zadanie3", "Zadanie3\Zadanie3.csproj", "{541383C5-4211-4898-8D7F-BAC8E42FCF87}"
EndProject
Global
	GlobalSection(SolutionConfigurationPlatforms) = preSolution
		Debug|Any CPU = Debug|Any CPU
		Release|Any CPU = Release|Any CPU
	EndGlobalSection
	GlobalSection(ProjectConfigurationPlatforms) = postSolution
		{541383C5-4211-4898-8D7F-BAC8E42FCF87}.Debug|Any CPU.ActiveCfg = Debug|Any CPU
		{541383C5-4211-4898-8D7F-BAC8E42FCF87}.Debug|Any CPU.Build.0 = Debug|Any CPU
		{541383C5-4211-4898-8D7F-BAC8E42FCF87}.Release|Any CPU.ActiveCfg = Release|Any CPU
		{541383C5-4211-4898-8D7F-BAC8E42FCF87}.Release|Any CPU.Build.0 = Release|Any CPU
	EndGlobalSection
	GlobalSection(SolutionProperties) = preSolution
		HideSolutionNode = FALSE
	EndGlobalSection
	GlobalSection(ExtensibilityGlobals) = postSolution
		SolutionGuid = {CFD7D3E0-234B-49E7-BF41-B42C66FD1C2E}
	EndGlobalSection
EndGlobal
