
Microsoft Visual Studio Solution File, Format Version 12.00
# Visual Studio Version 17
VisualStudioVersion = 17.9.34728.123
MinimumVisualStudioVersion = 10.0.40219.1
Project("{FAE04EC0-301F-11D3-BF4B-00C04F79EFBC}") = "Zadanie5", "Zadanie5\Zadanie5.csproj", "{647315AF-3927-434B-83AA-B976E208B92F}"
EndProject
Global
	GlobalSection(SolutionConfigurationPlatforms) = preSolution
		Debug|Any CPU = Debug|Any CPU
		Release|Any CPU = Release|Any CPU
	EndGlobalSection
	GlobalSection(ProjectConfigurationPlatforms) = postSolution
		{647315AF-3927-434B-83AA-B976E208B92F}.Debug|Any CPU.ActiveCfg = Debug|Any CPU
		{647315AF-3927-434B-83AA-B976E208B92F}.Debug|Any CPU.Build.0 = Debug|Any CPU
		{647315AF-3927-434B-83AA-B976E208B92F}.Release|Any CPU.ActiveCfg = Release|Any CPU
		{647315AF-3927-434B-83AA-B976E208B92F}.Release|Any CPU.Build.0 = Release|Any CPU
	EndGlobalSection
	GlobalSection(SolutionProperties) = preSolution
		HideSolutionNode = FALSE
	EndGlobalSection
	GlobalSection(ExtensibilityGlobals) = postSolution
		SolutionGuid = {4D594E66-6982-48E5-AA8F-E324118AD68F}
	EndGlobalSection
EndGlobal
