
Microsoft Visual Studio Solution File, Format Version 12.00
# Visual Studio Version 17
VisualStudioVersion = 17.8.34330.188
MinimumVisualStudioVersion = 10.0.40219.1
Project("{FAE04EC0-301F-11D3-BF4B-00C04F79EFBC}") = "Zadanie1", "Zadanie1\Zadanie1.csproj", "{782DB65D-CB1E-44A8-9125-01D58720AEE4}"
EndProject
Project("{FAE04EC0-301F-11D3-BF4B-00C04F79EFBC}") = "Main1", "Main1\Main1.csproj", "{740B5E33-7E2A-46FC-BF3B-FCD52FEFA00D}"
EndProject
Global
	GlobalSection(SolutionConfigurationPlatforms) = preSolution
		Debug|Any CPU = Debug|Any CPU
		Release|Any CPU = Release|Any CPU
	EndGlobalSection
	GlobalSection(ProjectConfigurationPlatforms) = postSolution
		{782DB65D-CB1E-44A8-9125-01D58720AEE4}.Debug|Any CPU.ActiveCfg = Debug|Any CPU
		{782DB65D-CB1E-44A8-9125-01D58720AEE4}.Debug|Any CPU.Build.0 = Debug|Any CPU
		{782DB65D-CB1E-44A8-9125-01D58720AEE4}.Release|Any CPU.ActiveCfg = Release|Any CPU
		{782DB65D-CB1E-44A8-9125-01D58720AEE4}.Release|Any CPU.Build.0 = Release|Any CPU
		{740B5E33-7E2A-46FC-BF3B-FCD52FEFA00D}.Debug|Any CPU.ActiveCfg = Debug|Any CPU
		{740B5E33-7E2A-46FC-BF3B-FCD52FEFA00D}.Debug|Any CPU.Build.0 = Debug|Any CPU
		{740B5E33-7E2A-46FC-BF3B-FCD52FEFA00D}.Release|Any CPU.ActiveCfg = Release|Any CPU
		{740B5E33-7E2A-46FC-BF3B-FCD52FEFA00D}.Release|Any CPU.Build.0 = Release|Any CPU
	EndGlobalSection
	GlobalSection(SolutionProperties) = preSolution
		HideSolutionNode = FALSE
	EndGlobalSection
	GlobalSection(ExtensibilityGlobals) = postSolution
		SolutionGuid = {F803EDC2-551A-4809-824A-393CDD3BF43E}
	EndGlobalSection
EndGlobal
