
Microsoft Visual Studio Solution File, Format Version 12.00
# Visual Studio Version 17
VisualStudioVersion = 17.9.34728.123
MinimumVisualStudioVersion = 10.0.40219.1
Project("{FAE04EC0-301F-11D3-BF4B-00C04F79EFBC}") = "Zadanie2", "Zadanie1\Zadanie2.csproj", "{1144A815-C7A6-47FF-80F1-49DC9337F800}"
EndProject
Global
	GlobalSection(SolutionConfigurationPlatforms) = preSolution
		Debug|Any CPU = Debug|Any CPU
		Release|Any CPU = Release|Any CPU
	EndGlobalSection
	GlobalSection(ProjectConfigurationPlatforms) = postSolution
		{1144A815-C7A6-47FF-80F1-49DC9337F800}.Debug|Any CPU.ActiveCfg = Debug|Any CPU
		{1144A815-C7A6-47FF-80F1-49DC9337F800}.Debug|Any CPU.Build.0 = Debug|Any CPU
		{1144A815-C7A6-47FF-80F1-49DC9337F800}.Release|Any CPU.ActiveCfg = Release|Any CPU
		{1144A815-C7A6-47FF-80F1-49DC9337F800}.Release|Any CPU.Build.0 = Release|Any CPU
	EndGlobalSection
	GlobalSection(SolutionProperties) = preSolution
		HideSolutionNode = FALSE
	EndGlobalSection
	GlobalSection(ExtensibilityGlobals) = postSolution
		SolutionGuid = {374A6B22-B681-4E22-9C48-663C49FECBB9}
	EndGlobalSection
EndGlobal
