
Microsoft Visual Studio Solution File, Format Version 12.00
# Visual Studio Version 17
VisualStudioVersion = 17.9.34728.123
MinimumVisualStudioVersion = 10.0.40219.1
Project("{FAE04EC0-301F-11D3-BF4B-00C04F79EFBC}") = "Zadanie2", "Zadanie2\Zadanie2.csproj", "{F2EEBC72-1C4C-4946-9499-BBE103D1C892}"
EndProject
Global
	GlobalSection(SolutionConfigurationPlatforms) = preSolution
		Debug|Any CPU = Debug|Any CPU
		Release|Any CPU = Release|Any CPU
	EndGlobalSection
	GlobalSection(ProjectConfigurationPlatforms) = postSolution
		{F2EEBC72-1C4C-4946-9499-BBE103D1C892}.Debug|Any CPU.ActiveCfg = Debug|Any CPU
		{F2EEBC72-1C4C-4946-9499-BBE103D1C892}.Debug|Any CPU.Build.0 = Debug|Any CPU
		{F2EEBC72-1C4C-4946-9499-BBE103D1C892}.Release|Any CPU.ActiveCfg = Release|Any CPU
		{F2EEBC72-1C4C-4946-9499-BBE103D1C892}.Release|Any CPU.Build.0 = Release|Any CPU
	EndGlobalSection
	GlobalSection(SolutionProperties) = preSolution
		HideSolutionNode = FALSE
	EndGlobalSection
	GlobalSection(ExtensibilityGlobals) = postSolution
		SolutionGuid = {E7DB1F80-E818-4577-BA4A-22BA2C41FB1F}
	EndGlobalSection
EndGlobal
