
Microsoft Visual Studio Solution File, Format Version 12.00
# Visual Studio Version 17
VisualStudioVersion = 17.9.34728.123
MinimumVisualStudioVersion = 10.0.40219.1
Project("{FAE04EC0-301F-11D3-BF4B-00C04F79EFBC}") = "Lista9", "Lista9\Lista9.csproj", "{C9DFA027-09C4-419A-BDE9-84294A5C01F9}"
EndProject
Project("{FAE04EC0-301F-11D3-BF4B-00C04F79EFBC}") = "Testy", "Testy\Testy.csproj", "{1A4F1AF1-6EBF-45F8-85CB-6BA8C7585DC8}"
EndProject
Global
	GlobalSection(SolutionConfigurationPlatforms) = preSolution
		Debug|Any CPU = Debug|Any CPU
		Release|Any CPU = Release|Any CPU
	EndGlobalSection
	GlobalSection(ProjectConfigurationPlatforms) = postSolution
		{C9DFA027-09C4-419A-BDE9-84294A5C01F9}.Debug|Any CPU.ActiveCfg = Debug|Any CPU
		{C9DFA027-09C4-419A-BDE9-84294A5C01F9}.Debug|Any CPU.Build.0 = Debug|Any CPU
		{C9DFA027-09C4-419A-BDE9-84294A5C01F9}.Release|Any CPU.ActiveCfg = Release|Any CPU
		{C9DFA027-09C4-419A-BDE9-84294A5C01F9}.Release|Any CPU.Build.0 = Release|Any CPU
		{1A4F1AF1-6EBF-45F8-85CB-6BA8C7585DC8}.Debug|Any CPU.ActiveCfg = Debug|Any CPU
		{1A4F1AF1-6EBF-45F8-85CB-6BA8C7585DC8}.Debug|Any CPU.Build.0 = Debug|Any CPU
		{1A4F1AF1-6EBF-45F8-85CB-6BA8C7585DC8}.Release|Any CPU.ActiveCfg = Release|Any CPU
		{1A4F1AF1-6EBF-45F8-85CB-6BA8C7585DC8}.Release|Any CPU.Build.0 = Release|Any CPU
	EndGlobalSection
	GlobalSection(SolutionProperties) = preSolution
		HideSolutionNode = FALSE
	EndGlobalSection
	GlobalSection(ExtensibilityGlobals) = postSolution
		SolutionGuid = {B7E57EAA-FB4D-40D6-8E7E-B00E6012F8B7}
	EndGlobalSection
EndGlobal
